// !$*UTF8*$!
{
	archiveVersion = 1;
	classes = {
	};
	objectVersion = 46;
	objects = {

/* Begin PBXBuildFile section */
		14109DBB196C5CE500F12AC5 /* Foundation.framework in Frameworks */ = {isa = PBXBuildFile; fileRef = 14109DBA196C5CE500F12AC5 /* Foundation.framework */; };
		14109DBD196C5CE500F12AC5 /* CoreGraphics.framework in Frameworks */ = {isa = PBXBuildFile; fileRef = 14109DBC196C5CE500F12AC5 /* CoreGraphics.framework */; };
		14109DBF196C5CE500F12AC5 /* UIKit.framework in Frameworks */ = {isa = PBXBuildFile; fileRef = 14109DBE196C5CE500F12AC5 /* UIKit.framework */; };
		14109DC5196C5CE500F12AC5 /* InfoPlist.strings in Resources */ = {isa = PBXBuildFile; fileRef = 14109DC3196C5CE500F12AC5 /* InfoPlist.strings */; };
		14109DC7196C5CE500F12AC5 /* main.m in Sources */ = {isa = PBXBuildFile; fileRef = 14109DC6196C5CE500F12AC5 /* main.m */; };
		14109DCB196C5CE500F12AC5 /* AppDelegate.m in Sources */ = {isa = PBXBuildFile; fileRef = 14109DCA196C5CE500F12AC5 /* AppDelegate.m */; };
		14109DCE196C5CE500F12AC5 /* Main.storyboard in Resources */ = {isa = PBXBuildFile; fileRef = 14109DCC196C5CE500F12AC5 /* Main.storyboard */; };
		14109DD1196C5CE500F12AC5 /* ViewController.m in Sources */ = {isa = PBXBuildFile; fileRef = 14109DD0196C5CE500F12AC5 /* ViewController.m */; };
		14109DD3196C5CE500F12AC5 /* Images.xcassets in Resources */ = {isa = PBXBuildFile; fileRef = 14109DD2196C5CE500F12AC5 /* Images.xcassets */; };
		14109DDA196C5CE500F12AC5 /* XCTest.framework in Frameworks */ = {isa = PBXBuildFile; fileRef = 14109DD9196C5CE500F12AC5 /* XCTest.framework */; };
		14109DDB196C5CE500F12AC5 /* Foundation.framework in Frameworks */ = {isa = PBXBuildFile; fileRef = 14109DBA196C5CE500F12AC5 /* Foundation.framework */; };
		14109DDC196C5CE500F12AC5 /* UIKit.framework in Frameworks */ = {isa = PBXBuildFile; fileRef = 14109DBE196C5CE500F12AC5 /* UIKit.framework */; };
		14109DE4196C5CE600F12AC5 /* InfoPlist.strings in Resources */ = {isa = PBXBuildFile; fileRef = 14109DE2196C5CE500F12AC5 /* InfoPlist.strings */; };
		14109DE6196C5CE600F12AC5 /* mini_projectTests.m in Sources */ = {isa = PBXBuildFile; fileRef = 14109DE5196C5CE600F12AC5 /* mini_projectTests.m */; };
		8A8B08A1196C655200D7F2CB /* WhatsOpenController.m in Sources */ = {isa = PBXBuildFile; fileRef = 8A8B08A0196C655200D7F2CB /* WhatsOpenController.m */; };
		8A8B08A3196C744300D7F2CB /* Parse.framework in Frameworks */ = {isa = PBXBuildFile; fileRef = 8A8B08A2196C744300D7F2CB /* Parse.framework */; };
		8A8B08B1196C750000D7F2CB /* Accounts.framework in Frameworks */ = {isa = PBXBuildFile; fileRef = 8A8B08A4196C750000D7F2CB /* Accounts.framework */; };
		8A8B08B2196C750000D7F2CB /* AdSupport.framework in Frameworks */ = {isa = PBXBuildFile; fileRef = 8A8B08A5196C750000D7F2CB /* AdSupport.framework */; };
		8A8B08B3196C750000D7F2CB /* AudioToolbox.framework in Frameworks */ = {isa = PBXBuildFile; fileRef = 8A8B08A6196C750000D7F2CB /* AudioToolbox.framework */; };
		8A8B08B4196C750000D7F2CB /* CFNetwork.framework in Frameworks */ = {isa = PBXBuildFile; fileRef = 8A8B08A7196C750000D7F2CB /* CFNetwork.framework */; };
		8A8B08B5196C750000D7F2CB /* CoreLocation.framework in Frameworks */ = {isa = PBXBuildFile; fileRef = 8A8B08A8196C750000D7F2CB /* CoreLocation.framework */; };
		8A8B08B6196C750000D7F2CB /* libsqlite3.dylib in Frameworks */ = {isa = PBXBuildFile; fileRef = 8A8B08A9196C750000D7F2CB /* libsqlite3.dylib */; };
		8A8B08B7196C750000D7F2CB /* libz.1.1.3.dylib in Frameworks */ = {isa = PBXBuildFile; fileRef = 8A8B08AA196C750000D7F2CB /* libz.1.1.3.dylib */; };
		8A8B08B8196C750000D7F2CB /* MobileCoreServices.framework in Frameworks */ = {isa = PBXBuildFile; fileRef = 8A8B08AB196C750000D7F2CB /* MobileCoreServices.framework */; };
		8A8B08B9196C750000D7F2CB /* QuartzCore.framework in Frameworks */ = {isa = PBXBuildFile; fileRef = 8A8B08AC196C750000D7F2CB /* QuartzCore.framework */; };
		8A8B08BA196C750000D7F2CB /* Security.framework in Frameworks */ = {isa = PBXBuildFile; fileRef = 8A8B08AD196C750000D7F2CB /* Security.framework */; };
		8A8B08BB196C750000D7F2CB /* Social.framework in Frameworks */ = {isa = PBXBuildFile; fileRef = 8A8B08AE196C750000D7F2CB /* Social.framework */; };
		8A8B08BC196C750000D7F2CB /* StoreKit.framework in Frameworks */ = {isa = PBXBuildFile; fileRef = 8A8B08AF196C750000D7F2CB /* StoreKit.framework */; };
		8A8B08BD196C750000D7F2CB /* SystemConfiguration.framework in Frameworks */ = {isa = PBXBuildFile; fileRef = 8A8B08B0196C750000D7F2CB /* SystemConfiguration.framework */; };
		14109DF1196C638600F12AC5 /* RestaurantsTableViewController.m in Sources */ = {isa = PBXBuildFile; fileRef = 14109DF0196C638600F12AC5 /* RestaurantsTableViewController.m */; };
		14109DF4196C63C000F12AC5 /* Restaurant.m in Sources */ = {isa = PBXBuildFile; fileRef = 14109DF3196C63C000F12AC5 /* Restaurant.m */; };
		14109DF8196C666600F12AC5 /* SystemConfiguration.framework in Frameworks */ = {isa = PBXBuildFile; fileRef = 14109DF7196C666600F12AC5 /* SystemConfiguration.framework */; };
		14109DFA196C666F00F12AC5 /* StoreKit.framework in Frameworks */ = {isa = PBXBuildFile; fileRef = 14109DF9196C666F00F12AC5 /* StoreKit.framework */; };
		14109DFC196C667600F12AC5 /* Social.framework in Frameworks */ = {isa = PBXBuildFile; fileRef = 14109DFB196C667600F12AC5 /* Social.framework */; };
		14109DFE196C667D00F12AC5 /* Security.framework in Frameworks */ = {isa = PBXBuildFile; fileRef = 14109DFD196C667D00F12AC5 /* Security.framework */; };
		14109E00196C668400F12AC5 /* QuartzCore.framework in Frameworks */ = {isa = PBXBuildFile; fileRef = 14109DFF196C668400F12AC5 /* QuartzCore.framework */; };
		14109E02196C669900F12AC5 /* Parse.framework in Frameworks */ = {isa = PBXBuildFile; fileRef = 14109E01196C669900F12AC5 /* Parse.framework */; };
		14109E04196C66A200F12AC5 /* MobileCoreServices.framework in Frameworks */ = {isa = PBXBuildFile; fileRef = 14109E03196C66A200F12AC5 /* MobileCoreServices.framework */; };
		14109E06196C66A900F12AC5 /* libz.1.1.3.dylib in Frameworks */ = {isa = PBXBuildFile; fileRef = 14109E05196C66A900F12AC5 /* libz.1.1.3.dylib */; };
		14109E08196C66B200F12AC5 /* libsqlite3.dylib in Frameworks */ = {isa = PBXBuildFile; fileRef = 14109E07196C66B200F12AC5 /* libsqlite3.dylib */; };
		14109E0B196C758E00F12AC5 /* RestaurantStore.m in Sources */ = {isa = PBXBuildFile; fileRef = 14109E0A196C758E00F12AC5 /* RestaurantStore.m */; };
		14109E0E196C9E4200F12AC5 /* RestaurantDetailViewController.m in Sources */ = {isa = PBXBuildFile; fileRef = 14109E0D196C9E4200F12AC5 /* RestaurantDetailViewController.m */; };
		3ACCDC04196C64A600855253 /* AddRestaurantViewController.m in Sources */ = {isa = PBXBuildFile; fileRef = 3ACCDC03196C64A600855253 /* AddRestaurantViewController.m */; };
		3ACCDC0A196CA13600855253 /* AddTabBarController.m in Sources */ = {isa = PBXBuildFile; fileRef = 3ACCDC09196CA13600855253 /* AddTabBarController.m */; };
		3ACCDC0D196CA3AA00855253 /* SubmitViewController.m in Sources */ = {isa = PBXBuildFile; fileRef = 3ACCDC0C196CA3AA00855253 /* SubmitViewController.m */; };
		3ACCDC0F196CA9AE00855253 /* Parse.framework in Frameworks */ = {isa = PBXBuildFile; fileRef = 3ACCDC0E196CA9AE00855253 /* Parse.framework */; };
/* End PBXBuildFile section */

/* Begin PBXContainerItemProxy section */
		14109DDD196C5CE500F12AC5 /* PBXContainerItemProxy */ = {
			isa = PBXContainerItemProxy;
			containerPortal = 14109DAF196C5CE500F12AC5 /* Project object */;
			proxyType = 1;
			remoteGlobalIDString = 14109DB6196C5CE500F12AC5;
			remoteInfo = "mini-project";
		};
/* End PBXContainerItemProxy section */

/* Begin PBXFileReference section */
		14109DB7196C5CE500F12AC5 /* mini-project.app */ = {isa = PBXFileReference; explicitFileType = wrapper.application; includeInIndex = 0; path = "mini-project.app"; sourceTree = BUILT_PRODUCTS_DIR; };
		14109DBA196C5CE500F12AC5 /* Foundation.framework */ = {isa = PBXFileReference; lastKnownFileType = wrapper.framework; name = Foundation.framework; path = System/Library/Frameworks/Foundation.framework; sourceTree = SDKROOT; };
		14109DBC196C5CE500F12AC5 /* CoreGraphics.framework */ = {isa = PBXFileReference; lastKnownFileType = wrapper.framework; name = CoreGraphics.framework; path = System/Library/Frameworks/CoreGraphics.framework; sourceTree = SDKROOT; };
		14109DBE196C5CE500F12AC5 /* UIKit.framework */ = {isa = PBXFileReference; lastKnownFileType = wrapper.framework; name = UIKit.framework; path = System/Library/Frameworks/UIKit.framework; sourceTree = SDKROOT; };
		14109DC2196C5CE500F12AC5 /* mini-project-Info.plist */ = {isa = PBXFileReference; lastKnownFileType = text.plist.xml; path = "mini-project-Info.plist"; sourceTree = "<group>"; };
		14109DC4196C5CE500F12AC5 /* en */ = {isa = PBXFileReference; lastKnownFileType = text.plist.strings; name = en; path = en.lproj/InfoPlist.strings; sourceTree = "<group>"; };
		14109DC6196C5CE500F12AC5 /* main.m */ = {isa = PBXFileReference; lastKnownFileType = sourcecode.c.objc; path = main.m; sourceTree = "<group>"; };
		14109DC8196C5CE500F12AC5 /* mini-project-Prefix.pch */ = {isa = PBXFileReference; lastKnownFileType = sourcecode.c.h; path = "mini-project-Prefix.pch"; sourceTree = "<group>"; };
		14109DC9196C5CE500F12AC5 /* AppDelegate.h */ = {isa = PBXFileReference; lastKnownFileType = sourcecode.c.h; path = AppDelegate.h; sourceTree = "<group>"; };
		14109DCA196C5CE500F12AC5 /* AppDelegate.m */ = {isa = PBXFileReference; lastKnownFileType = sourcecode.c.objc; path = AppDelegate.m; sourceTree = "<group>"; };
		14109DCD196C5CE500F12AC5 /* Base */ = {isa = PBXFileReference; lastKnownFileType = file.storyboard; name = Base; path = Base.lproj/Main.storyboard; sourceTree = "<group>"; };
		14109DCF196C5CE500F12AC5 /* ViewController.h */ = {isa = PBXFileReference; lastKnownFileType = sourcecode.c.h; path = ViewController.h; sourceTree = "<group>"; };
		14109DD0196C5CE500F12AC5 /* ViewController.m */ = {isa = PBXFileReference; lastKnownFileType = sourcecode.c.objc; path = ViewController.m; sourceTree = "<group>"; };
		14109DD2196C5CE500F12AC5 /* Images.xcassets */ = {isa = PBXFileReference; lastKnownFileType = folder.assetcatalog; path = Images.xcassets; sourceTree = "<group>"; };
		14109DD8196C5CE500F12AC5 /* mini-projectTests.xctest */ = {isa = PBXFileReference; explicitFileType = wrapper.cfbundle; includeInIndex = 0; path = "mini-projectTests.xctest"; sourceTree = BUILT_PRODUCTS_DIR; };
		14109DD9196C5CE500F12AC5 /* XCTest.framework */ = {isa = PBXFileReference; lastKnownFileType = wrapper.framework; name = XCTest.framework; path = Library/Frameworks/XCTest.framework; sourceTree = DEVELOPER_DIR; };
		14109DE1196C5CE500F12AC5 /* mini-projectTests-Info.plist */ = {isa = PBXFileReference; lastKnownFileType = text.plist.xml; path = "mini-projectTests-Info.plist"; sourceTree = "<group>"; };
		14109DE3196C5CE500F12AC5 /* en */ = {isa = PBXFileReference; lastKnownFileType = text.plist.strings; name = en; path = en.lproj/InfoPlist.strings; sourceTree = "<group>"; };
		14109DE5196C5CE600F12AC5 /* mini_projectTests.m */ = {isa = PBXFileReference; lastKnownFileType = sourcecode.c.objc; path = mini_projectTests.m; sourceTree = "<group>"; };
		8A8B089F196C655200D7F2CB /* WhatsOpenController.h */ = {isa = PBXFileReference; fileEncoding = 4; lastKnownFileType = sourcecode.c.h; path = WhatsOpenController.h; sourceTree = "<group>"; };
		8A8B08A0196C655200D7F2CB /* WhatsOpenController.m */ = {isa = PBXFileReference; fileEncoding = 4; lastKnownFileType = sourcecode.c.objc; path = WhatsOpenController.m; sourceTree = "<group>"; };
		8A8B08A2196C744300D7F2CB /* Parse.framework */ = {isa = PBXFileReference; lastKnownFileType = wrapper.framework; path = Parse.framework; sourceTree = "<group>"; };
		8A8B08A4196C750000D7F2CB /* Accounts.framework */ = {isa = PBXFileReference; lastKnownFileType = wrapper.framework; name = Accounts.framework; path = System/Library/Frameworks/Accounts.framework; sourceTree = SDKROOT; };
		8A8B08A5196C750000D7F2CB /* AdSupport.framework */ = {isa = PBXFileReference; lastKnownFileType = wrapper.framework; name = AdSupport.framework; path = System/Library/Frameworks/AdSupport.framework; sourceTree = SDKROOT; };
		8A8B08A6196C750000D7F2CB /* AudioToolbox.framework */ = {isa = PBXFileReference; lastKnownFileType = wrapper.framework; name = AudioToolbox.framework; path = System/Library/Frameworks/AudioToolbox.framework; sourceTree = SDKROOT; };
		8A8B08A7196C750000D7F2CB /* CFNetwork.framework */ = {isa = PBXFileReference; lastKnownFileType = wrapper.framework; name = CFNetwork.framework; path = System/Library/Frameworks/CFNetwork.framework; sourceTree = SDKROOT; };
		8A8B08A8196C750000D7F2CB /* CoreLocation.framework */ = {isa = PBXFileReference; lastKnownFileType = wrapper.framework; name = CoreLocation.framework; path = System/Library/Frameworks/CoreLocation.framework; sourceTree = SDKROOT; };
		8A8B08A9196C750000D7F2CB /* libsqlite3.dylib */ = {isa = PBXFileReference; lastKnownFileType = "compiled.mach-o.dylib"; name = libsqlite3.dylib; path = usr/lib/libsqlite3.dylib; sourceTree = SDKROOT; };
		8A8B08AA196C750000D7F2CB /* libz.1.1.3.dylib */ = {isa = PBXFileReference; lastKnownFileType = "compiled.mach-o.dylib"; name = libz.1.1.3.dylib; path = usr/lib/libz.1.1.3.dylib; sourceTree = SDKROOT; };
		8A8B08AB196C750000D7F2CB /* MobileCoreServices.framework */ = {isa = PBXFileReference; lastKnownFileType = wrapper.framework; name = MobileCoreServices.framework; path = System/Library/Frameworks/MobileCoreServices.framework; sourceTree = SDKROOT; };
		8A8B08AC196C750000D7F2CB /* QuartzCore.framework */ = {isa = PBXFileReference; lastKnownFileType = wrapper.framework; name = QuartzCore.framework; path = System/Library/Frameworks/QuartzCore.framework; sourceTree = SDKROOT; };
		8A8B08AD196C750000D7F2CB /* Security.framework */ = {isa = PBXFileReference; lastKnownFileType = wrapper.framework; name = Security.framework; path = System/Library/Frameworks/Security.framework; sourceTree = SDKROOT; };
		8A8B08AE196C750000D7F2CB /* Social.framework */ = {isa = PBXFileReference; lastKnownFileType = wrapper.framework; name = Social.framework; path = System/Library/Frameworks/Social.framework; sourceTree = SDKROOT; };
		8A8B08AF196C750000D7F2CB /* StoreKit.framework */ = {isa = PBXFileReference; lastKnownFileType = wrapper.framework; name = StoreKit.framework; path = System/Library/Frameworks/StoreKit.framework; sourceTree = SDKROOT; };
		8A8B08B0196C750000D7F2CB /* SystemConfiguration.framework */ = {isa = PBXFileReference; lastKnownFileType = wrapper.framework; name = SystemConfiguration.framework; path = System/Library/Frameworks/SystemConfiguration.framework; sourceTree = SDKROOT; };
		14109DEF196C638600F12AC5 /* RestaurantsTableViewController.h */ = {isa = PBXFileReference; fileEncoding = 4; lastKnownFileType = sourcecode.c.h; path = RestaurantsTableViewController.h; sourceTree = "<group>"; };
		14109DF0196C638600F12AC5 /* RestaurantsTableViewController.m */ = {isa = PBXFileReference; fileEncoding = 4; lastKnownFileType = sourcecode.c.objc; path = RestaurantsTableViewController.m; sourceTree = "<group>"; };
		14109DF2196C63C000F12AC5 /* Restaurant.h */ = {isa = PBXFileReference; fileEncoding = 4; lastKnownFileType = sourcecode.c.h; path = Restaurant.h; sourceTree = "<group>"; };
		14109DF3196C63C000F12AC5 /* Restaurant.m */ = {isa = PBXFileReference; fileEncoding = 4; lastKnownFileType = sourcecode.c.objc; path = Restaurant.m; sourceTree = "<group>"; };
		14109DF7196C666600F12AC5 /* SystemConfiguration.framework */ = {isa = PBXFileReference; lastKnownFileType = wrapper.framework; name = SystemConfiguration.framework; path = System/Library/Frameworks/SystemConfiguration.framework; sourceTree = SDKROOT; };
		14109DF9196C666F00F12AC5 /* StoreKit.framework */ = {isa = PBXFileReference; lastKnownFileType = wrapper.framework; name = StoreKit.framework; path = System/Library/Frameworks/StoreKit.framework; sourceTree = SDKROOT; };
		14109DFB196C667600F12AC5 /* Social.framework */ = {isa = PBXFileReference; lastKnownFileType = wrapper.framework; name = Social.framework; path = System/Library/Frameworks/Social.framework; sourceTree = SDKROOT; };
		14109DFD196C667D00F12AC5 /* Security.framework */ = {isa = PBXFileReference; lastKnownFileType = wrapper.framework; name = Security.framework; path = System/Library/Frameworks/Security.framework; sourceTree = SDKROOT; };
		14109DFF196C668400F12AC5 /* QuartzCore.framework */ = {isa = PBXFileReference; lastKnownFileType = wrapper.framework; name = QuartzCore.framework; path = System/Library/Frameworks/QuartzCore.framework; sourceTree = SDKROOT; };
		14109E01196C669900F12AC5 /* Parse.framework */ = {isa = PBXFileReference; lastKnownFileType = wrapper.framework; name = Parse.framework; path = ../../../Downloads/Parse.framework; sourceTree = "<group>"; };
		14109E03196C66A200F12AC5 /* MobileCoreServices.framework */ = {isa = PBXFileReference; lastKnownFileType = wrapper.framework; name = MobileCoreServices.framework; path = System/Library/Frameworks/MobileCoreServices.framework; sourceTree = SDKROOT; };
		14109E05196C66A900F12AC5 /* libz.1.1.3.dylib */ = {isa = PBXFileReference; lastKnownFileType = "compiled.mach-o.dylib"; name = libz.1.1.3.dylib; path = usr/lib/libz.1.1.3.dylib; sourceTree = SDKROOT; };
		14109E07196C66B200F12AC5 /* libsqlite3.dylib */ = {isa = PBXFileReference; lastKnownFileType = "compiled.mach-o.dylib"; name = libsqlite3.dylib; path = usr/lib/libsqlite3.dylib; sourceTree = SDKROOT; };
		14109E09196C758E00F12AC5 /* RestaurantStore.h */ = {isa = PBXFileReference; fileEncoding = 4; lastKnownFileType = sourcecode.c.h; path = RestaurantStore.h; sourceTree = "<group>"; };
		14109E0A196C758E00F12AC5 /* RestaurantStore.m */ = {isa = PBXFileReference; fileEncoding = 4; lastKnownFileType = sourcecode.c.objc; path = RestaurantStore.m; sourceTree = "<group>"; };
		14109E0C196C9E4200F12AC5 /* RestaurantDetailViewController.h */ = {isa = PBXFileReference; fileEncoding = 4; lastKnownFileType = sourcecode.c.h; path = RestaurantDetailViewController.h; sourceTree = "<group>"; };
		14109E0D196C9E4200F12AC5 /* RestaurantDetailViewController.m */ = {isa = PBXFileReference; fileEncoding = 4; lastKnownFileType = sourcecode.c.objc; path = RestaurantDetailViewController.m; sourceTree = "<group>"; };
		3ACCDC02196C64A600855253 /* AddRestaurantViewController.h */ = {isa = PBXFileReference; fileEncoding = 4; lastKnownFileType = sourcecode.c.h; path = AddRestaurantViewController.h; sourceTree = "<group>"; };
		3ACCDC03196C64A600855253 /* AddRestaurantViewController.m */ = {isa = PBXFileReference; fileEncoding = 4; lastKnownFileType = sourcecode.c.objc; path = AddRestaurantViewController.m; sourceTree = "<group>"; };
		3ACCDC08196CA13600855253 /* AddTabBarController.h */ = {isa = PBXFileReference; fileEncoding = 4; lastKnownFileType = sourcecode.c.h; path = AddTabBarController.h; sourceTree = "<group>"; };
		3ACCDC09196CA13600855253 /* AddTabBarController.m */ = {isa = PBXFileReference; fileEncoding = 4; lastKnownFileType = sourcecode.c.objc; path = AddTabBarController.m; sourceTree = "<group>"; };
		3ACCDC0B196CA3AA00855253 /* SubmitViewController.h */ = {isa = PBXFileReference; fileEncoding = 4; lastKnownFileType = sourcecode.c.h; path = SubmitViewController.h; sourceTree = "<group>"; };
		3ACCDC0C196CA3AA00855253 /* SubmitViewController.m */ = {isa = PBXFileReference; fileEncoding = 4; lastKnownFileType = sourcecode.c.objc; path = SubmitViewController.m; sourceTree = "<group>"; };
		3ACCDC0E196CA9AE00855253 /* Parse.framework */ = {isa = PBXFileReference; lastKnownFileType = wrapper.framework; path = Parse.framework; sourceTree = "<group>"; };
/* End PBXFileReference section */

/* Begin PBXFrameworksBuildPhase section */
		14109DB4196C5CE500F12AC5 /* Frameworks */ = {
			isa = PBXFrameworksBuildPhase;
			buildActionMask = 2147483647;
			files = (
            
                8A8B08B1196C750000D7F2CB /* Accounts.framework in Frameworks */,
				8A8B08B2196C750000D7F2CB /* AdSupport.framework in Frameworks */,
				8A8B08B3196C750000D7F2CB /* AudioToolbox.framework in Frameworks */,
				8A8B08B4196C750000D7F2CB /* CFNetwork.framework in Frameworks */,
				8A8B08B5196C750000D7F2CB /* CoreLocation.framework in Frameworks */,
				8A8B08B6196C750000D7F2CB /* libsqlite3.dylib in Frameworks */,
				8A8B08B7196C750000D7F2CB /* libz.1.1.3.dylib in Frameworks */,
				8A8B08B8196C750000D7F2CB /* MobileCoreServices.framework in Frameworks */,
				8A8B08B9196C750000D7F2CB /* QuartzCore.framework in Frameworks */,
				8A8B08BA196C750000D7F2CB /* Security.framework in Frameworks */,
				8A8B08BB196C750000D7F2CB /* Social.framework in Frameworks */,
				8A8B08BC196C750000D7F2CB /* StoreKit.framework in Frameworks */,
				8A8B08BD196C750000D7F2CB /* SystemConfiguration.framework in Frameworks */,
				14109DBD196C5CE500F12AC5 /* CoreGraphics.framework in Frameworks */,
				14109DBF196C5CE500F12AC5 /* UIKit.framework in Frameworks */,
				8A8B08A3196C744300D7F2CB /* Parse.framework in Frameworks */,
				14109E08196C66B200F12AC5 /* libsqlite3.dylib in Frameworks */,
				14109E06196C66A900F12AC5 /* libz.1.1.3.dylib in Frameworks */,
				14109E04196C66A200F12AC5 /* MobileCoreServices.framework in Frameworks */,
				14109E00196C668400F12AC5 /* QuartzCore.framework in Frameworks */,
				14109DFE196C667D00F12AC5 /* Security.framework in Frameworks */,
				14109DFC196C667600F12AC5 /* Social.framework in Frameworks */,
				14109DFA196C666F00F12AC5 /* StoreKit.framework in Frameworks */,
				14109DF8196C666600F12AC5 /* SystemConfiguration.framework in Frameworks */,
				14109E02196C669900F12AC5 /* Parse.framework in Frameworks */,
				14109DBD196C5CE500F12AC5 /* CoreGraphics.framework in Frameworks */,
				14109DBF196C5CE500F12AC5 /* UIKit.framework in Frameworks */,
				3ACCDC0F196CA9AE00855253 /* Parse.framework in Frameworks */,
				14109DBB196C5CE500F12AC5 /* Foundation.framework in Frameworks */,
			);
			runOnlyForDeploymentPostprocessing = 0;
		};
		14109DD5196C5CE500F12AC5 /* Frameworks */ = {
			isa = PBXFrameworksBuildPhase;
			buildActionMask = 2147483647;
			files = (
				14109DDA196C5CE500F12AC5 /* XCTest.framework in Frameworks */,
				14109DDC196C5CE500F12AC5 /* UIKit.framework in Frameworks */,
				14109DDB196C5CE500F12AC5 /* Foundation.framework in Frameworks */,
			);
			runOnlyForDeploymentPostprocessing = 0;
		};
/* End PBXFrameworksBuildPhase section */

/* Begin PBXGroup section */
		14109DAE196C5CE500F12AC5 = {
			isa = PBXGroup;
			children = (
				3ACCDC0E196CA9AE00855253 /* Parse.framework */,
				14109DC0196C5CE500F12AC5 /* mini-project */,
				14109DDF196C5CE500F12AC5 /* mini-projectTests */,
				14109DB9196C5CE500F12AC5 /* Frameworks */,
				14109DB8196C5CE500F12AC5 /* Products */,
			);
			sourceTree = "<group>";
		};
		14109DB8196C5CE500F12AC5 /* Products */ = {
			isa = PBXGroup;
			children = (
				14109DB7196C5CE500F12AC5 /* mini-project.app */,
				14109DD8196C5CE500F12AC5 /* mini-projectTests.xctest */,
			);
			name = Products;
			sourceTree = "<group>";
		};
		14109DB9196C5CE500F12AC5 /* Frameworks */ = {
			isa = PBXGroup;
			children = (
				8A8B08A4196C750000D7F2CB /* Accounts.framework */,
				8A8B08A5196C750000D7F2CB /* AdSupport.framework */,
				8A8B08A6196C750000D7F2CB /* AudioToolbox.framework */,
				8A8B08A7196C750000D7F2CB /* CFNetwork.framework */,
				8A8B08A8196C750000D7F2CB /* CoreLocation.framework */,
				8A8B08A9196C750000D7F2CB /* libsqlite3.dylib */,
				8A8B08AA196C750000D7F2CB /* libz.1.1.3.dylib */,
				8A8B08AB196C750000D7F2CB /* MobileCoreServices.framework */,
				8A8B08AC196C750000D7F2CB /* QuartzCore.framework */,
				8A8B08AD196C750000D7F2CB /* Security.framework */,
				8A8B08AE196C750000D7F2CB /* Social.framework */,
				8A8B08AF196C750000D7F2CB /* StoreKit.framework */,
				8A8B08B0196C750000D7F2CB /* SystemConfiguration.framework */,
				8A8B08A2196C744300D7F2CB /* Parse.framework */,
				14109E07196C66B200F12AC5 /* libsqlite3.dylib */,
				14109E05196C66A900F12AC5 /* libz.1.1.3.dylib */,
				14109E03196C66A200F12AC5 /* MobileCoreServices.framework */,
				14109E01196C669900F12AC5 /* Parse.framework */,
				14109DFF196C668400F12AC5 /* QuartzCore.framework */,
				14109DFD196C667D00F12AC5 /* Security.framework */,
				14109DFB196C667600F12AC5 /* Social.framework */,
				14109DF9196C666F00F12AC5 /* StoreKit.framework */,
				14109DF7196C666600F12AC5 /* SystemConfiguration.framework */,
				14109DBA196C5CE500F12AC5 /* Foundation.framework */,
				14109DBC196C5CE500F12AC5 /* CoreGraphics.framework */,
				14109DBE196C5CE500F12AC5 /* UIKit.framework */,
				14109DD9196C5CE500F12AC5 /* XCTest.framework */,
			);
			name = Frameworks;
			sourceTree = "<group>";
		};
		14109DC0196C5CE500F12AC5 /* mini-project */ = {
			isa = PBXGroup;
			children = (
				14109DC9196C5CE500F12AC5 /* AppDelegate.h */,
				14109DCA196C5CE500F12AC5 /* AppDelegate.m */,
				14109DCC196C5CE500F12AC5 /* Main.storyboard */,
				8A8B089F196C655200D7F2CB /* WhatsOpenController.h */,
				8A8B08A0196C655200D7F2CB /* WhatsOpenController.m */,
				3ACCDC0B196CA3AA00855253 /* SubmitViewController.h */,
				3ACCDC0C196CA3AA00855253 /* SubmitViewController.m */,
				3ACCDC08196CA13600855253 /* AddTabBarController.h */,
				3ACCDC09196CA13600855253 /* AddTabBarController.m */,
				3ACCDC02196C64A600855253 /* AddRestaurantViewController.h */,
				3ACCDC03196C64A600855253 /* AddRestaurantViewController.m */,
				14109DCF196C5CE500F12AC5 /* ViewController.h */,
				14109DD0196C5CE500F12AC5 /* ViewController.m */,
				14109DCC196C5CE500F12AC5 /* Main.storyboard */,
				14109DF6196C640E00F12AC5 /* RestaurantsList */,
				14109DF5196C63C800F12AC5 /* Restaurant */,
				14109DD2196C5CE500F12AC5 /* Images.xcassets */,
				14109DC1196C5CE500F12AC5 /* Supporting Files */,
			);
			path = "mini-project";
			sourceTree = "<group>";
		};
		14109DC1196C5CE500F12AC5 /* Supporting Files */ = {
			isa = PBXGroup;
			children = (
				14109DC2196C5CE500F12AC5 /* mini-project-Info.plist */,
				14109DC3196C5CE500F12AC5 /* InfoPlist.strings */,
				14109DC6196C5CE500F12AC5 /* main.m */,
				14109DC8196C5CE500F12AC5 /* mini-project-Prefix.pch */,
			);
			name = "Supporting Files";
			sourceTree = "<group>";
		};
		14109DDF196C5CE500F12AC5 /* mini-projectTests */ = {
			isa = PBXGroup;
			children = (
				14109DE5196C5CE600F12AC5 /* mini_projectTests.m */,
				14109DE0196C5CE500F12AC5 /* Supporting Files */,
			);
			path = "mini-projectTests";
			sourceTree = "<group>";
		};
		14109DE0196C5CE500F12AC5 /* Supporting Files */ = {
			isa = PBXGroup;
			children = (
				14109DE1196C5CE500F12AC5 /* mini-projectTests-Info.plist */,
				14109DE2196C5CE500F12AC5 /* InfoPlist.strings */,
			);
			name = "Supporting Files";
			sourceTree = "<group>";
		};
		14109DF5196C63C800F12AC5 /* Restaurant */ = {
			isa = PBXGroup;
			children = (
				14109DF3196C63C000F12AC5 /* Restaurant.m */,
				14109E09196C758E00F12AC5 /* RestaurantStore.h */,
				14109E0A196C758E00F12AC5 /* RestaurantStore.m */,
				14109DF2196C63C000F12AC5 /* Restaurant.h */,
			);
			name = Restaurant;
			sourceTree = "<group>";
		};
		14109DF6196C640E00F12AC5 /* RestaurantsList */ = {
			isa = PBXGroup;
			children = (
				14109E0C196C9E4200F12AC5 /* RestaurantDetailViewController.h */,
				14109E0D196C9E4200F12AC5 /* RestaurantDetailViewController.m */,
				14109DF0196C638600F12AC5 /* RestaurantsTableViewController.m */,
				14109DEF196C638600F12AC5 /* RestaurantsTableViewController.h */,
			);
			name = RestaurantsList;
			sourceTree = "<group>";
		};
/* End PBXGroup section */

/* Begin PBXNativeTarget section */
		14109DB6196C5CE500F12AC5 /* mini-project */ = {
			isa = PBXNativeTarget;
			buildConfigurationList = 14109DE9196C5CE600F12AC5 /* Build configuration list for PBXNativeTarget "mini-project" */;
			buildPhases = (
				14109DB3196C5CE500F12AC5 /* Sources */,
				14109DB4196C5CE500F12AC5 /* Frameworks */,
				14109DB5196C5CE500F12AC5 /* Resources */,
			);
			buildRules = (
			);
			dependencies = (
			);
			name = "mini-project";
			productName = "mini-project";
			productReference = 14109DB7196C5CE500F12AC5 /* mini-project.app */;
			productType = "com.apple.product-type.application";
		};
		14109DD7196C5CE500F12AC5 /* mini-projectTests */ = {
			isa = PBXNativeTarget;
			buildConfigurationList = 14109DEC196C5CE600F12AC5 /* Build configuration list for PBXNativeTarget "mini-projectTests" */;
			buildPhases = (
				14109DD4196C5CE500F12AC5 /* Sources */,
				14109DD5196C5CE500F12AC5 /* Frameworks */,
				14109DD6196C5CE500F12AC5 /* Resources */,
			);
			buildRules = (
			);
			dependencies = (
				14109DDE196C5CE500F12AC5 /* PBXTargetDependency */,
			);
			name = "mini-projectTests";
			productName = "mini-projectTests";
			productReference = 14109DD8196C5CE500F12AC5 /* mini-projectTests.xctest */;
			productType = "com.apple.product-type.bundle.unit-test";
		};
/* End PBXNativeTarget section */

/* Begin PBXProject section */
		14109DAF196C5CE500F12AC5 /* Project object */ = {
			isa = PBXProject;
			attributes = {
				LastUpgradeCheck = 0510;
				ORGANIZATIONNAME = "___FULLUSERNAME___";
				TargetAttributes = {
					14109DD7196C5CE500F12AC5 = {
						TestTargetID = 14109DB6196C5CE500F12AC5;
					};
				};
			};
			buildConfigurationList = 14109DB2196C5CE500F12AC5 /* Build configuration list for PBXProject "mini-project" */;
			compatibilityVersion = "Xcode 3.2";
			developmentRegion = English;
			hasScannedForEncodings = 0;
			knownRegions = (
				en,
				Base,
			);
			mainGroup = 14109DAE196C5CE500F12AC5;
			productRefGroup = 14109DB8196C5CE500F12AC5 /* Products */;
			projectDirPath = "";
			projectRoot = "";
			targets = (
				14109DB6196C5CE500F12AC5 /* mini-project */,
				14109DD7196C5CE500F12AC5 /* mini-projectTests */,
			);
		};
/* End PBXProject section */

/* Begin PBXResourcesBuildPhase section */
		14109DB5196C5CE500F12AC5 /* Resources */ = {
			isa = PBXResourcesBuildPhase;
			buildActionMask = 2147483647;
			files = (
				14109DD3196C5CE500F12AC5 /* Images.xcassets in Resources */,
				14109DC5196C5CE500F12AC5 /* InfoPlist.strings in Resources */,
				14109DCE196C5CE500F12AC5 /* Main.storyboard in Resources */,
			);
			runOnlyForDeploymentPostprocessing = 0;
		};
		14109DD6196C5CE500F12AC5 /* Resources */ = {
			isa = PBXResourcesBuildPhase;
			buildActionMask = 2147483647;
			files = (
				14109DE4196C5CE600F12AC5 /* InfoPlist.strings in Resources */,
			);
			runOnlyForDeploymentPostprocessing = 0;
		};
/* End PBXResourcesBuildPhase section */

/* Begin PBXSourcesBuildPhase section */
		14109DB3196C5CE500F12AC5 /* Sources */ = {
			isa = PBXSourcesBuildPhase;
			buildActionMask = 2147483647;
			files = (
				14109DD1196C5CE500F12AC5 /* ViewController.m in Sources */,
				8A8B08A1196C655200D7F2CB /* WhatsOpenController.m in Sources */,
				3ACCDC04196C64A600855253 /* AddRestaurantViewController.m in Sources */,
				14109DF4196C63C000F12AC5 /* Restaurant.m in Sources */,
				14109E0B196C758E00F12AC5 /* RestaurantStore.m in Sources */,
				14109DF1196C638600F12AC5 /* RestaurantsTableViewController.m in Sources */,
				14109DCB196C5CE500F12AC5 /* AppDelegate.m in Sources */,
				14109E0E196C9E4200F12AC5 /* RestaurantDetailViewController.m in Sources */,
				14109DC7196C5CE500F12AC5 /* main.m in Sources */,
				3ACCDC0D196CA3AA00855253 /* SubmitViewController.m in Sources */,
				3ACCDC0A196CA13600855253 /* AddTabBarController.m in Sources */,
			);
			runOnlyForDeploymentPostprocessing = 0;
		};
		14109DD4196C5CE500F12AC5 /* Sources */ = {
			isa = PBXSourcesBuildPhase;
			buildActionMask = 2147483647;
			files = (
				14109DE6196C5CE600F12AC5 /* mini_projectTests.m in Sources */,
			);
			runOnlyForDeploymentPostprocessing = 0;
		};
/* End PBXSourcesBuildPhase section */

/* Begin PBXTargetDependency section */
		14109DDE196C5CE500F12AC5 /* PBXTargetDependency */ = {
			isa = PBXTargetDependency;
			target = 14109DB6196C5CE500F12AC5 /* mini-project */;
			targetProxy = 14109DDD196C5CE500F12AC5 /* PBXContainerItemProxy */;
		};
/* End PBXTargetDependency section */

/* Begin PBXVariantGroup section */
		14109DC3196C5CE500F12AC5 /* InfoPlist.strings */ = {
			isa = PBXVariantGroup;
			children = (
				14109DC4196C5CE500F12AC5 /* en */,
			);
			name = InfoPlist.strings;
			sourceTree = "<group>";
		};
		14109DCC196C5CE500F12AC5 /* Main.storyboard */ = {
			isa = PBXVariantGroup;
			children = (
				14109DCD196C5CE500F12AC5 /* Base */,
			);
			name = Main.storyboard;
			sourceTree = "<group>";
		};
		14109DE2196C5CE500F12AC5 /* InfoPlist.strings */ = {
			isa = PBXVariantGroup;
			children = (
				14109DE3196C5CE500F12AC5 /* en */,
			);
			name = InfoPlist.strings;
			sourceTree = "<group>";
		};
/* End PBXVariantGroup section */

/* Begin XCBuildConfiguration section */
		14109DE7196C5CE600F12AC5 /* Debug */ = {
			isa = XCBuildConfiguration;
			buildSettings = {
				ALWAYS_SEARCH_USER_PATHS = NO;
				CLANG_CXX_LANGUAGE_STANDARD = "gnu++0x";
				CLANG_CXX_LIBRARY = "libc++";
				CLANG_ENABLE_MODULES = YES;
				CLANG_ENABLE_OBJC_ARC = YES;
				CLANG_WARN_BOOL_CONVERSION = YES;
				CLANG_WARN_CONSTANT_CONVERSION = YES;
				CLANG_WARN_DIRECT_OBJC_ISA_USAGE = YES_ERROR;
				CLANG_WARN_EMPTY_BODY = YES;
				CLANG_WARN_ENUM_CONVERSION = YES;
				CLANG_WARN_INT_CONVERSION = YES;
				CLANG_WARN_OBJC_ROOT_CLASS = YES_ERROR;
				CLANG_WARN__DUPLICATE_METHOD_MATCH = YES;
				"CODE_SIGN_IDENTITY[sdk=iphoneos*]" = "iPhone Developer";
				COPY_PHASE_STRIP = NO;
				GCC_C_LANGUAGE_STANDARD = gnu99;
				GCC_DYNAMIC_NO_PIC = NO;
				GCC_OPTIMIZATION_LEVEL = 0;
				GCC_PREPROCESSOR_DEFINITIONS = (
					"DEBUG=1",
					"$(inherited)",
				);
				GCC_SYMBOLS_PRIVATE_EXTERN = NO;
				GCC_WARN_64_TO_32_BIT_CONVERSION = YES;
				GCC_WARN_ABOUT_RETURN_TYPE = YES_ERROR;
				GCC_WARN_UNDECLARED_SELECTOR = YES;
				GCC_WARN_UNINITIALIZED_AUTOS = YES_AGGRESSIVE;
				GCC_WARN_UNUSED_FUNCTION = YES;
				GCC_WARN_UNUSED_VARIABLE = YES;
				IPHONEOS_DEPLOYMENT_TARGET = 7.1;
				ONLY_ACTIVE_ARCH = YES;
				SDKROOT = iphoneos;
			};
			name = Debug;
		};
		14109DE8196C5CE600F12AC5 /* Release */ = {
			isa = XCBuildConfiguration;
			buildSettings = {
				ALWAYS_SEARCH_USER_PATHS = NO;
				CLANG_CXX_LANGUAGE_STANDARD = "gnu++0x";
				CLANG_CXX_LIBRARY = "libc++";
				CLANG_ENABLE_MODULES = YES;
				CLANG_ENABLE_OBJC_ARC = YES;
				CLANG_WARN_BOOL_CONVERSION = YES;
				CLANG_WARN_CONSTANT_CONVERSION = YES;
				CLANG_WARN_DIRECT_OBJC_ISA_USAGE = YES_ERROR;
				CLANG_WARN_EMPTY_BODY = YES;
				CLANG_WARN_ENUM_CONVERSION = YES;
				CLANG_WARN_INT_CONVERSION = YES;
				CLANG_WARN_OBJC_ROOT_CLASS = YES_ERROR;
				CLANG_WARN__DUPLICATE_METHOD_MATCH = YES;
				"CODE_SIGN_IDENTITY[sdk=iphoneos*]" = "iPhone Developer";
				COPY_PHASE_STRIP = YES;
				ENABLE_NS_ASSERTIONS = NO;
				GCC_C_LANGUAGE_STANDARD = gnu99;
				GCC_WARN_64_TO_32_BIT_CONVERSION = YES;
				GCC_WARN_ABOUT_RETURN_TYPE = YES_ERROR;
				GCC_WARN_UNDECLARED_SELECTOR = YES;
				GCC_WARN_UNINITIALIZED_AUTOS = YES_AGGRESSIVE;
				GCC_WARN_UNUSED_FUNCTION = YES;
				GCC_WARN_UNUSED_VARIABLE = YES;
				IPHONEOS_DEPLOYMENT_TARGET = 7.1;
				SDKROOT = iphoneos;
				VALIDATE_PRODUCT = YES;
			};
			name = Release;
		};
		14109DEA196C5CE600F12AC5 /* Debug */ = {
			isa = XCBuildConfiguration;
			buildSettings = {
				ASSETCATALOG_COMPILER_APPICON_NAME = AppIcon;
				ASSETCATALOG_COMPILER_LAUNCHIMAGE_NAME = LaunchImage;
				FRAMEWORK_SEARCH_PATHS = (
					"$(inherited)",
					"$(PROJECT_DIR)",
					/Users/mengdilin/Downloads,
				);
				GCC_PRECOMPILE_PREFIX_HEADER = YES;
				GCC_PREFIX_HEADER = "mini-project/mini-project-Prefix.pch";
				INFOPLIST_FILE = "mini-project/mini-project-Info.plist";
				PRODUCT_NAME = "$(TARGET_NAME)";
				WRAPPER_EXTENSION = app;
			};
			name = Debug;
		};
		14109DEB196C5CE600F12AC5 /* Release */ = {
			isa = XCBuildConfiguration;
			buildSettings = {
				ASSETCATALOG_COMPILER_APPICON_NAME = AppIcon;
				ASSETCATALOG_COMPILER_LAUNCHIMAGE_NAME = LaunchImage;
				FRAMEWORK_SEARCH_PATHS = (
					"$(inherited)",
					"$(PROJECT_DIR)",
					/Users/mengdilin/Downloads,
				);
				GCC_PRECOMPILE_PREFIX_HEADER = YES;
				GCC_PREFIX_HEADER = "mini-project/mini-project-Prefix.pch";
				INFOPLIST_FILE = "mini-project/mini-project-Info.plist";
				PRODUCT_NAME = "$(TARGET_NAME)";
				WRAPPER_EXTENSION = app;
			};
			name = Release;
		};
		14109DED196C5CE600F12AC5 /* Debug */ = {
			isa = XCBuildConfiguration;
			buildSettings = {
				BUNDLE_LOADER = "$(BUILT_PRODUCTS_DIR)/mini-project.app/mini-project";
				FRAMEWORK_SEARCH_PATHS = (
					"$(SDKROOT)/Developer/Library/Frameworks",
					"$(inherited)",
					"$(DEVELOPER_FRAMEWORKS_DIR)",
				);
				GCC_PRECOMPILE_PREFIX_HEADER = YES;
				GCC_PREFIX_HEADER = "mini-project/mini-project-Prefix.pch";
				GCC_PREPROCESSOR_DEFINITIONS = (
					"DEBUG=1",
					"$(inherited)",
				);
				INFOPLIST_FILE = "mini-projectTests/mini-projectTests-Info.plist";
				PRODUCT_NAME = "$(TARGET_NAME)";
				TEST_HOST = "$(BUNDLE_LOADER)";
				WRAPPER_EXTENSION = xctest;
			};
			name = Debug;
		};
		14109DEE196C5CE600F12AC5 /* Release */ = {
			isa = XCBuildConfiguration;
			buildSettings = {
				BUNDLE_LOADER = "$(BUILT_PRODUCTS_DIR)/mini-project.app/mini-project";
				FRAMEWORK_SEARCH_PATHS = (
					"$(SDKROOT)/Developer/Library/Frameworks",
					"$(inherited)",
					"$(DEVELOPER_FRAMEWORKS_DIR)",
				);
				GCC_PRECOMPILE_PREFIX_HEADER = YES;
				GCC_PREFIX_HEADER = "mini-project/mini-project-Prefix.pch";
				INFOPLIST_FILE = "mini-projectTests/mini-projectTests-Info.plist";
				PRODUCT_NAME = "$(TARGET_NAME)";
				TEST_HOST = "$(BUNDLE_LOADER)";
				WRAPPER_EXTENSION = xctest;
			};
			name = Release;
		};
/* End XCBuildConfiguration section */

/* Begin XCConfigurationList section */
		14109DB2196C5CE500F12AC5 /* Build configuration list for PBXProject "mini-project" */ = {
			isa = XCConfigurationList;
			buildConfigurations = (
				14109DE7196C5CE600F12AC5 /* Debug */,
				14109DE8196C5CE600F12AC5 /* Release */,
			);
			defaultConfigurationIsVisible = 0;
			defaultConfigurationName = Release;
		};
		14109DE9196C5CE600F12AC5 /* Build configuration list for PBXNativeTarget "mini-project" */ = {
			isa = XCConfigurationList;
			buildConfigurations = (
				14109DEA196C5CE600F12AC5 /* Debug */,
				14109DEB196C5CE600F12AC5 /* Release */,
			);
			defaultConfigurationIsVisible = 0;
			defaultConfigurationName = Release;
		};
		14109DEC196C5CE600F12AC5 /* Build configuration list for PBXNativeTarget "mini-projectTests" */ = {
			isa = XCConfigurationList;
			buildConfigurations = (
				14109DED196C5CE600F12AC5 /* Debug */,
				14109DEE196C5CE600F12AC5 /* Release */,
			);
			defaultConfigurationIsVisible = 0;
			defaultConfigurationName = Release;
		};
/* End XCConfigurationList section */
	};
	rootObject = 14109DAF196C5CE500F12AC5 /* Project object */;
}
